
Microsoft Visual Studio Solution File, Format Version 12.00
# Visual Studio Version 17
VisualStudioVersion = 17.1.32414.318
MinimumVisualStudioVersion = 10.0.40219.1
Project("{FAE04EC0-301F-11D3-BF4B-00C04F79EFBC}") = "HastaneYönetimiveRandevuSistemi", "HastaneYönetimiveRandevuSistemi\HastaneYönetimiveRandevuSistemi.csproj", "{C7CA05AF-F7BB-44AF-8C3C-EA4D5FDF3496}"
EndProject
Global
	GlobalSection(SolutionConfigurationPlatforms) = preSolution
		Debug|Any CPU = Debug|Any CPU
		Release|Any CPU = Release|Any CPU
	EndGlobalSection
	GlobalSection(ProjectConfigurationPlatforms) = postSolution
		{C7CA05AF-F7BB-44AF-8C3C-EA4D5FDF3496}.Debug|Any CPU.ActiveCfg = Debug|Any CPU
		{C7CA05AF-F7BB-44AF-8C3C-EA4D5FDF3496}.Debug|Any CPU.Build.0 = Debug|Any CPU
		{C7CA05AF-F7BB-44AF-8C3C-EA4D5FDF3496}.Release|Any CPU.ActiveCfg = Release|Any CPU
		{C7CA05AF-F7BB-44AF-8C3C-EA4D5FDF3496}.Release|Any CPU.Build.0 = Release|Any CPU
	EndGlobalSection
	GlobalSection(SolutionProperties) = preSolution
		HideSolutionNode = FALSE
	EndGlobalSection
	GlobalSection(ExtensibilityGlobals) = postSolution
		SolutionGuid = {562522B1-D146-4F67-9C06-9A7AD520F872}
	EndGlobalSection
EndGlobal
